
Microsoft Visual Studio Solution File, Format Version 12.00
# Visual Studio Version 17
VisualStudioVersion = 17.10.34928.147
MinimumVisualStudioVersion = 10.0.40219.1
Project("{FAE04EC0-301F-11D3-BF4B-00C04F79EFBC}") = "API", "API\API.csproj", "{162CCAFB-F750-480B-88DC-4C86B4447B7D}"
EndProject
Project("{FAE04EC0-301F-11D3-BF4B-00C04F79EFBC}") = "Application", "Application\Application.csproj", "{6CE6B12A-773A-4426-BECF-663A533FDB6E}"
EndProject
Project("{FAE04EC0-301F-11D3-BF4B-00C04F79EFBC}") = "Domain", "Domain\Domain.csproj", "{1BC619D7-11F8-4848-AA93-0348216BA339}"
EndProject
Project("{FAE04EC0-301F-11D3-BF4B-00C04F79EFBC}") = "Infrastructure", "Infrastructure\Infrastructure.csproj", "{C3463B35-2BA5-4A3A-A8FC-8123F858AEB4}"
EndProject
Project("{FAE04EC0-301F-11D3-BF4B-00C04F79EFBC}") = "Shared", "Shared\Shared.csproj", "{AECC9060-FE27-4F64-A6EB-59D7B10FC8EE}"
EndProject
Global
	GlobalSection(SolutionConfigurationPlatforms) = preSolution
		Debug|Any CPU = Debug|Any CPU
		Release|Any CPU = Release|Any CPU
	EndGlobalSection
	GlobalSection(ProjectConfigurationPlatforms) = postSolution
		{162CCAFB-F750-480B-88DC-4C86B4447B7D}.Debug|Any CPU.ActiveCfg = Debug|Any CPU
		{162CCAFB-F750-480B-88DC-4C86B4447B7D}.Debug|Any CPU.Build.0 = Debug|Any CPU
		{162CCAFB-F750-480B-88DC-4C86B4447B7D}.Release|Any CPU.ActiveCfg = Release|Any CPU
		{162CCAFB-F750-480B-88DC-4C86B4447B7D}.Release|Any CPU.Build.0 = Release|Any CPU
		{6CE6B12A-773A-4426-BECF-663A533FDB6E}.Debug|Any CPU.ActiveCfg = Debug|Any CPU
		{6CE6B12A-773A-4426-BECF-663A533FDB6E}.Debug|Any CPU.Build.0 = Debug|Any CPU
		{6CE6B12A-773A-4426-BECF-663A533FDB6E}.Release|Any CPU.ActiveCfg = Release|Any CPU
		{6CE6B12A-773A-4426-BECF-663A533FDB6E}.Release|Any CPU.Build.0 = Release|Any CPU
		{1BC619D7-11F8-4848-AA93-0348216BA339}.Debug|Any CPU.ActiveCfg = Debug|Any CPU
		{1BC619D7-11F8-4848-AA93-0348216BA339}.Debug|Any CPU.Build.0 = Debug|Any CPU
		{1BC619D7-11F8-4848-AA93-0348216BA339}.Release|Any CPU.ActiveCfg = Release|Any CPU
		{1BC619D7-11F8-4848-AA93-0348216BA339}.Release|Any CPU.Build.0 = Release|Any CPU
		{C3463B35-2BA5-4A3A-A8FC-8123F858AEB4}.Debug|Any CPU.ActiveCfg = Debug|Any CPU
		{C3463B35-2BA5-4A3A-A8FC-8123F858AEB4}.Debug|Any CPU.Build.0 = Debug|Any CPU
		{C3463B35-2BA5-4A3A-A8FC-8123F858AEB4}.Release|Any CPU.ActiveCfg = Release|Any CPU
		{C3463B35-2BA5-4A3A-A8FC-8123F858AEB4}.Release|Any CPU.Build.0 = Release|Any CPU
		{AECC9060-FE27-4F64-A6EB-59D7B10FC8EE}.Debug|Any CPU.ActiveCfg = Debug|Any CPU
		{AECC9060-FE27-4F64-A6EB-59D7B10FC8EE}.Debug|Any CPU.Build.0 = Debug|Any CPU
		{AECC9060-FE27-4F64-A6EB-59D7B10FC8EE}.Release|Any CPU.ActiveCfg = Release|Any CPU
		{AECC9060-FE27-4F64-A6EB-59D7B10FC8EE}.Release|Any CPU.Build.0 = Release|Any CPU
	EndGlobalSection
	GlobalSection(SolutionProperties) = preSolution
		HideSolutionNode = FALSE
	EndGlobalSection
	GlobalSection(ExtensibilityGlobals) = postSolution
		SolutionGuid = {260C9412-B4B3-4B58-97F8-2C0F57424FB0}
	EndGlobalSection
EndGlobal
